{
  "name": "node_first01",
  "version": "1.0.0",
  "lockfileVersion": 3,
  "requires": true,
  "packages": {
    "": {
      "name": "node_first01",
      "version": "1.0.0",
      "license": "ISC",
      "dependencies": {
        "first_node_pack_01": "^1.0.0"
      }
    },
    "node_modules/first_node_pack_01": {
      "version": "1.0.0",
      "resolved": "https://registry.npmjs.org/first_node_pack_01/-/first_node_pack_01-1.0.0.tgz",
      "integrity": "sha512-gber/qjZttSSsdnh7ZRp1YJKIQywT5tfNCoA3sk0uqgMoKufyp4AnuICUa0WQFuuTfgEqYKbK/csTtPCoWjLZA==",
      "license": "ISC"
    }
  }
}
